// !$*UTF8*$!
{
	archiveVersion = 1;
	classes = {
	};
	objectVersion = 50;
	objects = {

/* Begin PBXBuildFile section */
		B9D6DBD9240B64BD00FF75FB /* ActorInstruments.instrpkg in Sources */ = {isa = PBXBuildFile; fileRef = B9D6DBD8240B64BD00FF75FB /* ActorInstruments.instrpkg */; };
/* End PBXBuildFile section */

/* Begin PBXFileReference section */
		B9D6DBD5240B64BD00FF75FB /* ActorInstruments.instrdst */ = {isa = PBXFileReference; explicitFileType = com.apple.instruments.instrdst; includeInIndex = 0; path = ActorInstruments.instrdst; sourceTree = BUILT_PRODUCTS_DIR; };
		B9D6DBD8240B64BD00FF75FB /* ActorInstruments.instrpkg */ = {isa = PBXFileReference; lastKnownFileType = "com.apple.instruments.package-definition"; path = ActorInstruments.instrpkg; sourceTree = "<group>"; };
		B9D6DBDD240B651E00FF75FB /* ActorInstruments.tracetemplate */ = {isa = PBXFileReference; lastKnownFileType = file.bplist; path = ActorInstruments.tracetemplate; sourceTree = "<group>"; };
		B9D6DBDE240C981400FF75FB /* Icon.png */ = {isa = PBXFileReference; lastKnownFileType = image.png; path = Icon.png; sourceTree = "<group>"; };
/* End PBXFileReference section */

/* Begin PBXGroup section */
		B9D6DBCE240B64BD00FF75FB = {
			isa = PBXGroup;
			children = (
				B9D6DBD7240B64BD00FF75FB /* ActorInstruments */,
				B9D6DBD6240B64BD00FF75FB /* Products */,
			);
			sourceTree = "<group>";
		};
		B9D6DBD6240B64BD00FF75FB /* Products */ = {
			isa = PBXGroup;
			children = (
				B9D6DBD5240B64BD00FF75FB /* ActorInstruments.instrdst */,
			);
			name = Products;
			sourceTree = "<group>";
		};
		B9D6DBD7240B64BD00FF75FB /* ActorInstruments */ = {
			isa = PBXGroup;
			children = (
				B9D6DBD8240B64BD00FF75FB /* ActorInstruments.instrpkg */,
				B9D6DBDE240C981400FF75FB /* Icon.png */,
				B9D6DBDD240B651E00FF75FB /* ActorInstruments.tracetemplate */,
			);
			path = ActorInstruments;
			sourceTree = "<group>";
		};
/* End PBXGroup section */

/* Begin PBXNativeTarget section */
		B9D6DBD4240B64BD00FF75FB /* ActorInstruments */ = {
			isa = PBXNativeTarget;
			buildConfigurationList = B9D6DBDA240B64BD00FF75FB /* Build configuration list for PBXNativeTarget "ActorInstruments" */;
			buildPhases = (
				B9D6DBD3240B64BD00FF75FB /* Sources */,
			);
			buildRules = (
			);
			dependencies = (
			);
			name = ActorInstruments;
			productName = ActorInstruments;
			productReference = B9D6DBD5240B64BD00FF75FB /* ActorInstruments.instrdst */;
			productType = "com.apple.product-type.instruments-package";
		};
/* End PBXNativeTarget section */

/* Begin PBXProject section */
		B9D6DBCF240B64BD00FF75FB /* Project object */ = {
			isa = PBXProject;
			attributes = {
				LastUpgradeCheck = 1130;
				ORGANIZATIONNAME = "Distributed Actors Team";
				TargetAttributes = {
					B9D6DBD4240B64BD00FF75FB = {
						CreatedOnToolsVersion = 11.3.1;
					};
				};
			};
			buildConfigurationList = B9D6DBD2240B64BD00FF75FB /* Build configuration list for PBXProject "ActorInstruments" */;
			compatibilityVersion = "Xcode 9.3";
			developmentRegion = en;
			hasScannedForEncodings = 0;
			knownRegions = (
				en,
				Base,
			);
			mainGroup = B9D6DBCE240B64BD00FF75FB;
			productRefGroup = B9D6DBD6240B64BD00FF75FB /* Products */;
			projectDirPath = "";
			projectRoot = "";
			targets = (
				B9D6DBD4240B64BD00FF75FB /* ActorInstruments */,
			);
		};
/* End PBXProject section */

/* Begin PBXSourcesBuildPhase section */
		B9D6DBD3240B64BD00FF75FB /* Sources */ = {
			isa = PBXSourcesBuildPhase;
			buildActionMask = 2147483647;
			files = (
				B9D6DBD9240B64BD00FF75FB /* ActorInstruments.instrpkg in Sources */,
			);
			runOnlyForDeploymentPostprocessing = 0;
		};
/* End PBXSourcesBuildPhase section */

/* Begin XCBuildConfiguration section */
		B9D6DBD0240B64BD00FF75FB /* Debug */ = {
			isa = XCBuildConfiguration;
			buildSettings = {
				COPY_PHASE_STRIP = NO;
			};
			name = Debug;
		};
		B9D6DBD1240B64BD00FF75FB /* Release */ = {
			isa = XCBuildConfiguration;
			buildSettings = {
				COPY_PHASE_STRIP = YES;
			};
			name = Release;
		};
		B9D6DBDB240B64BD00FF75FB /* Debug */ = {
			isa = XCBuildConfiguration;
			buildSettings = {
				ALWAYS_SEARCH_USER_PATHS = NO;
				CODE_SIGN_STYLE = Automatic;
				DEVELOPMENT_TEAM = BALXGG2H6J;
				INSTALL_PATH = "$(LOCAL_LIBRARY_DIR)/Instruments/Packages";
				PRODUCT_NAME = "$(TARGET_NAME)";
				VERSIONING_SYSTEM = "";
			};
			name = Debug;
		};
		B9D6DBDC240B64BD00FF75FB /* Release */ = {
			isa = XCBuildConfiguration;
			buildSettings = {
				ALWAYS_SEARCH_USER_PATHS = NO;
				CODE_SIGN_STYLE = Automatic;
				DEVELOPMENT_TEAM = BALXGG2H6J;
				INSTALL_PATH = "$(LOCAL_LIBRARY_DIR)/Instruments/Packages";
				PRODUCT_NAME = "$(TARGET_NAME)";
				VERSIONING_SYSTEM = "";
			};
			name = Release;
		};
/* End XCBuildConfiguration section */

/* Begin XCConfigurationList section */
		B9D6DBD2240B64BD00FF75FB /* Build configuration list for PBXProject "ActorInstruments" */ = {
			isa = XCConfigurationList;
			buildConfigurations = (
				B9D6DBD0240B64BD00FF75FB /* Debug */,
				B9D6DBD1240B64BD00FF75FB /* Release */,
			);
			defaultConfigurationIsVisible = 0;
			defaultConfigurationName = Release;
		};
		B9D6DBDA240B64BD00FF75FB /* Build configuration list for PBXNativeTarget "ActorInstruments" */ = {
			isa = XCConfigurationList;
			buildConfigurations = (
				B9D6DBDB240B64BD00FF75FB /* Debug */,
				B9D6DBDC240B64BD00FF75FB /* Release */,
			);
			defaultConfigurationIsVisible = 0;
			defaultConfigurationName = Release;
		};
/* End XCConfigurationList section */
	};
	rootObject = B9D6DBCF240B64BD00FF75FB /* Project object */;
}
